
Microsoft Visual Studio Solution File, Format Version 12.00
# Visual Studio Version 17
VisualStudioVersion = 17.0.31903.59
MinimumVisualStudioVersion = 10.0.40219.1
Project("{2150E333-8FDC-42A3-9474-1A3956D46DE8}") = "src", "src", "{827E0CD3-B72D-47B6-A68D-7590B98EB39B}"
EndProject
Project("{FAE04EC0-301F-11D3-BF4B-00C04F79EFBC}") = "Stats.Core", "src\Stats.Core\Stats.Core.csproj", "{6D5D556C-537A-4C7A-8211-D1F0603435FF}"
EndProject
Project("{FAE04EC0-301F-11D3-BF4B-00C04F79EFBC}") = "Stats.App", "src\Stats.App\Stats.App.csproj", "{CC5EECFA-587F-45F4-B522-A484B170E6E9}"
EndProject
Project("{FAE04EC0-301F-11D3-BF4B-00C04F79EFBC}") = "Stats.Core.Tests", "tests\Stats.Core.Tests\Stats.Core.Tests.csproj", "{444BD479-D094-4217-B837-FC81AEBBF1F3}"
EndProject
Project("{2150E333-8FDC-42A3-9474-1A3956D46DE8}") = "tools", "tools", "{07C2787E-EAC7-C090-1BA3-A61EC2A24D84}"
EndProject
Project("{FAE04EC0-301F-11D3-BF4B-00C04F79EFBC}") = "Stats.UiPreview", "tools\Stats.UiPreview\Stats.UiPreview.csproj", "{95500D97-C893-490E-9087-297E43899154}"
EndProject
Project("{2150E333-8FDC-42A3-9474-1A3956D46DE8}") = "tests", "tests", "{0AB3BF05-4346-4AA6-1389-037BE0695223}"
EndProject
Project("{FAE04EC0-301F-11D3-BF4B-00C04F79EFBC}") = "Stats.UiPreview.Tests", "tests\Stats.UiPreview.Tests\Stats.UiPreview.Tests.csproj", "{F358B2B7-2C4B-4412-AB3A-1A9828DF542F}"
EndProject
Global
	GlobalSection(SolutionConfigurationPlatforms) = preSolution
		Debug|Any CPU = Debug|Any CPU
		Debug|x64 = Debug|x64
		Debug|x86 = Debug|x86
		Release|Any CPU = Release|Any CPU
		Release|x64 = Release|x64
		Release|x86 = Release|x86
	EndGlobalSection
	GlobalSection(ProjectConfigurationPlatforms) = postSolution
		{6D5D556C-537A-4C7A-8211-D1F0603435FF}.Debug|Any CPU.ActiveCfg = Debug|Any CPU
		{6D5D556C-537A-4C7A-8211-D1F0603435FF}.Debug|Any CPU.Build.0 = Debug|Any CPU
		{6D5D556C-537A-4C7A-8211-D1F0603435FF}.Debug|x64.ActiveCfg = Debug|Any CPU
		{6D5D556C-537A-4C7A-8211-D1F0603435FF}.Debug|x64.Build.0 = Debug|Any CPU
		{6D5D556C-537A-4C7A-8211-D1F0603435FF}.Debug|x86.ActiveCfg = Debug|Any CPU
		{6D5D556C-537A-4C7A-8211-D1F0603435FF}.Debug|x86.Build.0 = Debug|Any CPU
		{6D5D556C-537A-4C7A-8211-D1F0603435FF}.Release|Any CPU.ActiveCfg = Release|Any CPU
		{6D5D556C-537A-4C7A-8211-D1F0603435FF}.Release|Any CPU.Build.0 = Release|Any CPU
		{6D5D556C-537A-4C7A-8211-D1F0603435FF}.Release|x64.ActiveCfg = Release|Any CPU
		{6D5D556C-537A-4C7A-8211-D1F0603435FF}.Release|x64.Build.0 = Release|Any CPU
		{6D5D556C-537A-4C7A-8211-D1F0603435FF}.Release|x86.ActiveCfg = Release|Any CPU
		{6D5D556C-537A-4C7A-8211-D1F0603435FF}.Release|x86.Build.0 = Release|Any CPU
		{CC5EECFA-587F-45F4-B522-A484B170E6E9}.Debug|Any CPU.ActiveCfg = Debug|Any CPU
		{CC5EECFA-587F-45F4-B522-A484B170E6E9}.Debug|Any CPU.Build.0 = Debug|Any CPU
		{CC5EECFA-587F-45F4-B522-A484B170E6E9}.Debug|x64.ActiveCfg = Debug|Any CPU
		{CC5EECFA-587F-45F4-B522-A484B170E6E9}.Debug|x64.Build.0 = Debug|Any CPU
		{CC5EECFA-587F-45F4-B522-A484B170E6E9}.Debug|x86.ActiveCfg = Debug|Any CPU
		{CC5EECFA-587F-45F4-B522-A484B170E6E9}.Debug|x86.Build.0 = Debug|Any CPU
		{CC5EECFA-587F-45F4-B522-A484B170E6E9}.Release|Any CPU.ActiveCfg = Release|Any CPU
		{CC5EECFA-587F-45F4-B522-A484B170E6E9}.Release|Any CPU.Build.0 = Release|Any CPU
		{CC5EECFA-587F-45F4-B522-A484B170E6E9}.Release|x64.ActiveCfg = Release|Any CPU
		{CC5EECFA-587F-45F4-B522-A484B170E6E9}.Release|x64.Build.0 = Release|Any CPU
		{CC5EECFA-587F-45F4-B522-A484B170E6E9}.Release|x86.ActiveCfg = Release|Any CPU
		{CC5EECFA-587F-45F4-B522-A484B170E6E9}.Release|x86.Build.0 = Release|Any CPU
		{444BD479-D094-4217-B837-FC81AEBBF1F3}.Debug|Any CPU.ActiveCfg = Debug|Any CPU
		{444BD479-D094-4217-B837-FC81AEBBF1F3}.Debug|Any CPU.Build.0 = Debug|Any CPU
		{444BD479-D094-4217-B837-FC81AEBBF1F3}.Debug|x64.ActiveCfg = Debug|Any CPU
		{444BD479-D094-4217-B837-FC81AEBBF1F3}.Debug|x64.Build.0 = Debug|Any CPU
		{444BD479-D094-4217-B837-FC81AEBBF1F3}.Debug|x86.ActiveCfg = Debug|Any CPU
		{444BD479-D094-4217-B837-FC81AEBBF1F3}.Debug|x86.Build.0 = Debug|Any CPU
		{444BD479-D094-4217-B837-FC81AEBBF1F3}.Release|Any CPU.ActiveCfg = Release|Any CPU
		{444BD479-D094-4217-B837-FC81AEBBF1F3}.Release|Any CPU.Build.0 = Release|Any CPU
		{444BD479-D094-4217-B837-FC81AEBBF1F3}.Release|x64.ActiveCfg = Release|Any CPU
		{444BD479-D094-4217-B837-FC81AEBBF1F3}.Release|x64.Build.0 = Release|Any CPU
		{444BD479-D094-4217-B837-FC81AEBBF1F3}.Release|x86.ActiveCfg = Release|Any CPU
		{444BD479-D094-4217-B837-FC81AEBBF1F3}.Release|x86.Build.0 = Release|Any CPU
		{95500D97-C893-490E-9087-297E43899154}.Debug|Any CPU.ActiveCfg = Debug|Any CPU
		{95500D97-C893-490E-9087-297E43899154}.Debug|Any CPU.Build.0 = Debug|Any CPU
		{95500D97-C893-490E-9087-297E43899154}.Debug|x64.ActiveCfg = Debug|Any CPU
		{95500D97-C893-490E-9087-297E43899154}.Debug|x64.Build.0 = Debug|Any CPU
		{95500D97-C893-490E-9087-297E43899154}.Debug|x86.ActiveCfg = Debug|Any CPU
		{95500D97-C893-490E-9087-297E43899154}.Debug|x86.Build.0 = Debug|Any CPU
		{95500D97-C893-490E-9087-297E43899154}.Release|Any CPU.ActiveCfg = Release|Any CPU
		{95500D97-C893-490E-9087-297E43899154}.Release|Any CPU.Build.0 = Release|Any CPU
		{95500D97-C893-490E-9087-297E43899154}.Release|x64.ActiveCfg = Release|Any CPU
		{95500D97-C893-490E-9087-297E43899154}.Release|x64.Build.0 = Release|Any CPU
		{95500D97-C893-490E-9087-297E43899154}.Release|x86.ActiveCfg = Release|Any CPU
		{95500D97-C893-490E-9087-297E43899154}.Release|x86.Build.0 = Release|Any CPU
		{F358B2B7-2C4B-4412-AB3A-1A9828DF542F}.Debug|Any CPU.ActiveCfg = Debug|Any CPU
		{F358B2B7-2C4B-4412-AB3A-1A9828DF542F}.Debug|Any CPU.Build.0 = Debug|Any CPU
		{F358B2B7-2C4B-4412-AB3A-1A9828DF542F}.Debug|x64.ActiveCfg = Debug|Any CPU
		{F358B2B7-2C4B-4412-AB3A-1A9828DF542F}.Debug|x64.Build.0 = Debug|Any CPU
		{F358B2B7-2C4B-4412-AB3A-1A9828DF542F}.Debug|x86.ActiveCfg = Debug|Any CPU
		{F358B2B7-2C4B-4412-AB3A-1A9828DF542F}.Debug|x86.Build.0 = Debug|Any CPU
		{F358B2B7-2C4B-4412-AB3A-1A9828DF542F}.Release|Any CPU.ActiveCfg = Release|Any CPU
		{F358B2B7-2C4B-4412-AB3A-1A9828DF542F}.Release|Any CPU.Build.0 = Release|Any CPU
		{F358B2B7-2C4B-4412-AB3A-1A9828DF542F}.Release|x64.ActiveCfg = Release|Any CPU
		{F358B2B7-2C4B-4412-AB3A-1A9828DF542F}.Release|x64.Build.0 = Release|Any CPU
		{F358B2B7-2C4B-4412-AB3A-1A9828DF542F}.Release|x86.ActiveCfg = Release|Any CPU
		{F358B2B7-2C4B-4412-AB3A-1A9828DF542F}.Release|x86.Build.0 = Release|Any CPU
	EndGlobalSection
	GlobalSection(SolutionProperties) = preSolution
		HideSolutionNode = FALSE
	EndGlobalSection
	GlobalSection(NestedProjects) = preSolution
		{6D5D556C-537A-4C7A-8211-D1F0603435FF} = {827E0CD3-B72D-47B6-A68D-7590B98EB39B}
		{CC5EECFA-587F-45F4-B522-A484B170E6E9} = {827E0CD3-B72D-47B6-A68D-7590B98EB39B}
		{444BD479-D094-4217-B837-FC81AEBBF1F3} = {827E0CD3-B72D-47B6-A68D-7590B98EB39B}
		{95500D97-C893-490E-9087-297E43899154} = {07C2787E-EAC7-C090-1BA3-A61EC2A24D84}
		{F358B2B7-2C4B-4412-AB3A-1A9828DF542F} = {0AB3BF05-4346-4AA6-1389-037BE0695223}
	EndGlobalSection
EndGlobal
